{
    "_meta": {
        "hash": {
            "sha256": "362c6d36029f660389188648ba7a06f1cef9583de7eb30ea4aab324fd2846d66"
        },
        "pipfile-spec": 6,
        "requires": {
            "python_version": "3.12"
        },
        "sources": [
            {
                "name": "pypi",
                "url": "https://pypi.org/simple",
                "verify_ssl": true
            }
        ]
    },
    "default": {
        "asgiref": {
            "hashes": [
                "sha256:a5ab6582236218e5ef1648f242fd9f10626cfd4de8dc377db215d5d5098e3142",
                "sha256:f3bba7092a48005b5f5bacd747d36ee4a5a61f4a269a6df590b43144355ebd2c"
            ],
            "markers": "python_version >= '3.9'",
            "version": "==3.9.1"
        },
        "dj-database-url": {
            "hashes": [
                "sha256:43950018e1eeea486bf11136384aec0fe55b29fe6fd8a44553231b85661d9383",
                "sha256:8994961efb888fc6bf8c41550870c91f6f7691ca751888ebaa71442b7f84eff8"
            ],
            "index": "pypi",
            "version": "==3.0.1"
        },
        "django": {
            "hashes": [
                "sha256:60c35bd96201b10c6e7a78121bd0da51084733efa303cc19ead021ab179cef5e",
                "sha256:a1228c384f8fa13eebc015196db7b3e08722c5058d4758d20cb287503a540d8f"
            ],
            "index": "pypi",
            "markers": "python_version >= '3.10'",
            "version": "==5.2.4"
        },
        "django-cors-headers": {
            "hashes": [
                "sha256:6fdf31bf9c6d6448ba09ef57157db2268d515d94fc5c89a0a1028e1fc03ee52b",
                "sha256:f1c125dcd58479fe7a67fe2499c16ee38b81b397463cf025f0e2c42937421070"
            ],
            "index": "pypi",
            "markers": "python_version >= '3.9'",
            "version": "==4.7.0"
        },
        "django-environ": {
            "hashes": [
                "sha256:227dc891453dd5bde769c3449cf4a74b6f2ee8f7ab2361c93a07068f4179041a",
                "sha256:92fb346a158abda07ffe6eb23135ce92843af06ecf8753f43adf9d2366dcc0ca"
            ],
            "index": "pypi",
            "markers": "python_version >= '3.9' and python_version < '4'",
            "version": "==0.12.0"
        },
        "django-filter": {
            "hashes": [
                "sha256:1ec9eef48fa8da1c0ac9b411744b16c3f4c31176c867886e4c48da369c407153",
                "sha256:4fa48677cf5857b9b1347fed23e355ea792464e0fe07244d1fdfb8a806215b80"
            ],
            "index": "pypi",
            "markers": "python_version >= '3.9'",
            "version": "==25.1"
        },
        "djangorestframework": {
            "hashes": [
                "sha256:bea7e9f6b96a8584c5224bfb2e4348dfb3f8b5e34edbecb98da258e892089361",
                "sha256:f022ff46613584de994c0c6a4aebbace5fd700555fbe9d33b865ebf173eba6c9"
            ],
            "index": "pypi",
            "markers": "python_version >= '3.9'",
            "version": "==3.16.0"
        },
        "djangorestframework-simplejwt": {
            "hashes": [
                "sha256:2c30f3707053d384e9f315d11c2daccfcb548d4faa453111ca19a542b732e469",
                "sha256:e72c5572f51d7803021288e2057afcbd03f17fe11d484096f40a460abc76e87f"
            ],
            "index": "pypi",
            "markers": "python_version >= '3.9'",
            "version": "==5.5.1"
        },
        "drf-camel-case": {
            "hashes": [
                "sha256:7b0c78a17daae728ae8bae43e39bc28495dc3139317a826017c2abff30f4e4ee",
                "sha256:c62e4e1e8601a59948a6002fc8e2c9762129b5f4f47686a5d893fb6ff06116e4"
            ],
            "index": "pypi",
            "markers": "python_version >= '3.7'",
            "version": "==1.0.2"
        },
        "orjson": {
            "hashes": [
                "sha256:02dd4f0a1a2be943a104ce5f3ec092631ee3e9f0b4bb9eeee3400430bd94ddef",
                "sha256:05f094edd2b782650b0761fd78858d9254de1c1286f5af43145b3d08cdacfd51",
                "sha256:0759b36428067dc777b202dd286fbdd33d7f261c6455c4238ea4e8474358b1e6",
                "sha256:0846e13abe79daece94a00b92574f294acad1d362be766c04245b9b4dd0e47e1",
                "sha256:08e191f8a55ac2c00be48e98a5d10dca004cbe8abe73392c55951bfda60fc123",
                "sha256:105bca887532dc71ce4b05a5de95dea447a310409d7a8cf0cb1c4a120469e9ad",
                "sha256:1235fe7bbc37164f69302199d46f29cfb874018738714dccc5a5a44042c79c77",
                "sha256:1785df7ada75c18411ff7e20ac822af904a40161ea9dfe8c55b3f6b66939add6",
                "sha256:2560b740604751854be146169c1de7e7ee1e6120b00c1788ec3f3a012c6a243f",
                "sha256:28acd19822987c5163b9e03a6e60853a52acfee384af2b394d11cb413b889246",
                "sha256:2a585042104e90a61eda2564d11317b6a304eb4e71cd33e839f5af6be56c34d3",
                "sha256:2e4c129da624f291bcc607016a99e7f04a353f6874f3bd8d9b47b88597d5f700",
                "sha256:2fb8ca8f0b4e31b8aaec674c7540649b64ef02809410506a44dc68d31bd5647b",
                "sha256:325be41a8d7c227d460a9795a181511ba0e731cf3fee088c63eb47e706ea7559",
                "sha256:359cbe11bc940c64cb3848cf22000d2aef36aff7bfd09ca2c0b9cb309c387132",
                "sha256:41b38a894520b8cb5344a35ffafdf6ae8042f56d16771b2c5eb107798cee85ee",
                "sha256:4305a638f4cf9bed3746ca3b7c242f14e05177d5baec2527026e0f9ee6c24fb7",
                "sha256:4430ec6ff1a1f4595dd7e0fad991bdb2fed65401ed294984c490ffa025926325",
                "sha256:475491bb78af2a0170f49e90013f1a0f1286527f3617491f8940d7e5da862da7",
                "sha256:47a54e660414baacd71ebf41a69bb17ea25abb3c5b69ce9e13e43be7ac20e342",
                "sha256:4a8ba9698655e16746fdf5266939427da0f9553305152aeb1a1cc14974a19cfb",
                "sha256:4bfcfe498484161e011f8190a400591c52b026de96b3b3cbd3f21e8999b9dc0e",
                "sha256:51646f6d995df37b6e1b628f092f41c0feccf1d47e3452c6e95e2474b547d842",
                "sha256:51cdca2f36e923126d0734efaf72ddbb5d6da01dbd20eab898bdc50de80d7b5a",
                "sha256:5579acd235dd134467340b2f8a670c1c36023b5a69c6a3174c4792af7502bd92",
                "sha256:5587c85ae02f608a3f377b6af9eb04829606f518257cbffa8f5081c1aacf2e2f",
                "sha256:57e8e7198a679ab21241ab3f355a7990c7447559e35940595e628c107ef23736",
                "sha256:5f797d57814975b78f5f5423acb003db6f9be5186b72d48bd97a1000e89d331d",
                "sha256:613e54a2b10b51b656305c11235a9c4a5c5491ef5c283f86483d4e9e123ed5e4",
                "sha256:63c1c9772dafc811d16d6a7efa3369a739da15d1720d6e58ebe7562f54d6f4a2",
                "sha256:64a6a3e94a44856c3f6557e6aa56a6686544fed9816ae0afa8df9077f5759791",
                "sha256:67133847f9a35a5ef5acfa3325d4a2f7fe05c11f1505c4117bb086fc06f2a58f",
                "sha256:6d09176a4a9e04a5394a4a0edd758f645d53d903b306d02f2691b97d5c736a9e",
                "sha256:6d750b97d22d5566955e50b02c622f3a1d32744d7a578c878b29a873190ccb7a",
                "sha256:720b4bb5e1b971960a62c2fa254c2d2a14e7eb791e350d05df8583025aa59d15",
                "sha256:7cf728cb3a013bdf9f4132575404bf885aa773d8bb4205656575e1890fc91990",
                "sha256:8335a0ba1c26359fb5c82d643b4c1abbee2bc62875e0f2b5bde6c8e9e25eb68c",
                "sha256:84ae3d329360cf18fb61b67c505c00dedb61b0ee23abfd50f377a58e7d7bed06",
                "sha256:8514f9f9c667ce7d7ef709ab1a73e7fcab78c297270e90b1963df7126d2b0e23",
                "sha256:894635df36c0be32f1c8c8607e853b8865edb58e7618e57892e85d06418723eb",
                "sha256:8bf058105a8aed144e0d1cfe7ac4174748c3fc7203f225abaeac7f4121abccb0",
                "sha256:923301f33ea866b18f8836cf41d9c6d33e3b5cab8577d20fed34ec29f0e13a0d",
                "sha256:93b64b254414e2be55ac5257124b5602c5f0b4d06b80bd27d1165efe8f36e836",
                "sha256:9457ccbd8b241fb4ba516417a4c5b95ba0059df4ac801309bcb4ec3870f45ad9",
                "sha256:99d17aab984f4d029b8f3c307e6be3c63d9ee5ef55e30d761caf05e883009949",
                "sha256:9b6fbc2fc825aff1456dd358c11a0ad7912a4cb4537d3db92e5334af7463a967",
                "sha256:9d4d86910554de5c9c87bc560b3bdd315cc3988adbdc2acf5dda3797079407ed",
                "sha256:9dac7fbf3b8b05965986c5cfae051eb9a30fced7f15f1d13a5adc608436eb486",
                "sha256:a2788f741e5a0e885e5eaf1d91d0c9106e03cb9575b0c55ba36fd3d48b0b1e9b",
                "sha256:a57899bebbcea146616a2426d20b51b3562b4bc9f8039a3bd14fae361c23053d",
                "sha256:a640e3954e7b4fcb160097551e54cafbde9966be3991932155b71071077881aa",
                "sha256:aa1120607ec8fc98acf8c54aac6fb0b7b003ba883401fa2d261833111e2fa071",
                "sha256:acf5a63ae9cdb88274126af85913ceae554d8fd71122effa24a53227abbeee16",
                "sha256:b4089f940c638bb1947d54e46c1cd58f4259072fcc97bc833ea9c78903150ac9",
                "sha256:b5a4214ea59c8a3b56f8d484b28114af74e9fba0956f9be5c3ce388ae143bf1f",
                "sha256:b5a8243e73690cc6e9151c9e1dd046a8f21778d775f7d478fa1eb4daa4897c61",
                "sha256:b8913baba9751f7400f8fa4ec18a8b618ff01177490842e39e47b66c1b04bc79",
                "sha256:c27de273320294121200440cd5002b6aeb922d3cb9dab3357087c69f04ca6934",
                "sha256:c4b48d9775b0cf1f0aca734f4c6b272cbfacfac38e6a455e6520662f9434afb7",
                "sha256:c60c99fe1e15894367b0340b2ff16c7c69f9c3f3a54aa3961a58c102b292ad94",
                "sha256:c7a1964a71c1567b4570c932a0084ac24ad52c8cf6253d1881400936565ed438",
                "sha256:d2218629dbfdeeb5c9e0573d59f809d42f9d49ae6464d2f479e667aee14c3ef4",
                "sha256:d69f95d484938d8fab5963e09131bcf9fbbb81fa4ec132e316eb2fb9adb8ce78",
                "sha256:d79c180cfb3ae68f13245d0ff551dca03d96258aa560830bf8a223bd68d8272c",
                "sha256:d9760217b84d1aee393b4436fbe9c639e963ec7bc0f2c074581ce5fb3777e466",
                "sha256:dd7f9cd995da9e46fbac0a371f0ff6e89a21d8ecb7a8a113c0acb147b0a32f73",
                "sha256:e8d38d9e1e2cf9729658e35956cf01e13e89148beb4cb9e794c9c10c5cb252f8",
                "sha256:e98f02e23611763c9e5dfcb83bd33219231091589f0d1691e721aea9c52bf329",
                "sha256:ebeecd5d5511b3ca9dc4e7db0ab95266afd41baf424cc2fad8c2d3a3cdae650a",
                "sha256:f018ed1986d79434ac712ff19f951cd00b4dfcb767444410fbb834ebec160abf",
                "sha256:fe36e5012f886ff91c68b87a499c227fa220e9668cea96335219874c8be5fab5",
                "sha256:feaed3ed43a1d2df75c039798eb5ec92c350c7d86be53369bafc4f3700ce7df2"
            ],
            "markers": "python_version >= '3.9'",
            "version": "==3.11.0"
        },
        "pillow": {
            "hashes": [
                "sha256:023f6d2d11784a465f09fd09a34b150ea4672e85fb3d05931d89f373ab14abb2",
                "sha256:02a723e6bf909e7cea0dac1b0e0310be9d7650cd66222a5f1c571455c0a45214",
                "sha256:040a5b691b0713e1f6cbe222e0f4f74cd233421e105850ae3b3c0ceda520f42e",
                "sha256:05f6ecbeff5005399bb48d198f098a9b4b6bdf27b8487c7f38ca16eeb070cd59",
                "sha256:068d9c39a2d1b358eb9f245ce7ab1b5c3246c7c8c7d9ba58cfa5b43146c06e50",
                "sha256:0743841cabd3dba6a83f38a92672cccbd69af56e3e91777b0ee7f4dba4385632",
                "sha256:092c80c76635f5ecb10f3f83d76716165c96f5229addbd1ec2bdbbda7d496e06",
                "sha256:0b275ff9b04df7b640c59ec5a3cb113eefd3795a8df80bac69646ef699c6981a",
                "sha256:0bce5c4fd0921f99d2e858dc4d4d64193407e1b99478bc5cacecba2311abde51",
                "sha256:1019b04af07fc0163e2810167918cb5add8d74674b6267616021ab558dc98ced",
                "sha256:106064daa23a745510dabce1d84f29137a37224831d88eb4ce94bb187b1d7e5f",
                "sha256:118ca10c0d60b06d006be10a501fd6bbdfef559251ed31b794668ed569c87e12",
                "sha256:13f87d581e71d9189ab21fe0efb5a23e9f28552d5be6979e84001d3b8505abe8",
                "sha256:155658efb5e044669c08896c0c44231c5e9abcaadbc5cd3648df2f7c0b96b9a6",
                "sha256:1904e1264881f682f02b7f8167935cce37bc97db457f8e7849dc3a6a52b99580",
                "sha256:19d2ff547c75b8e3ff46f4d9ef969a06c30ab2d4263a9e287733aa8b2429ce8f",
                "sha256:1a992e86b0dd7aeb1f053cd506508c0999d710a8f07b4c791c63843fc6a807ac",
                "sha256:1b9c17fd4ace828b3003dfd1e30bff24863e0eb59b535e8f80194d9cc7ecf860",
                "sha256:1c627742b539bba4309df89171356fcb3cc5a9178355b2727d1b74a6cf155fbd",
                "sha256:1cd110edf822773368b396281a2293aeb91c90a2db00d78ea43e7e861631b722",
                "sha256:1f85acb69adf2aaee8b7da124efebbdb959a104db34d3a2cb0f3793dbae422a8",
                "sha256:23cff760a9049c502721bdb743a7cb3e03365fafcdfc2ef9784610714166e5a4",
                "sha256:2465a69cf967b8b49ee1b96d76718cd98c4e925414ead59fdf75cf0fd07df673",
                "sha256:2a3117c06b8fb646639dce83694f2f9eac405472713fcb1ae887469c0d4f6788",
                "sha256:2aceea54f957dd4448264f9bf40875da0415c83eb85f55069d89c0ed436e3542",
                "sha256:2d6fcc902a24ac74495df63faad1884282239265c6839a0a6416d33faedfae7e",
                "sha256:30807c931ff7c095620fe04448e2c2fc673fcbb1ffe2a7da3fb39613489b1ddd",
                "sha256:30b7c02f3899d10f13d7a48163c8969e4e653f8b43416d23d13d1bbfdc93b9f8",
                "sha256:3828ee7586cd0b2091b6209e5ad53e20d0649bbe87164a459d0676e035e8f523",
                "sha256:3cee80663f29e3843b68199b9d6f4f54bd1d4a6b59bdd91bceefc51238bcb967",
                "sha256:3e184b2f26ff146363dd07bde8b711833d7b0202e27d13540bfe2e35a323a809",
                "sha256:41342b64afeba938edb034d122b2dda5db2139b9a4af999729ba8818e0056477",
                "sha256:41742638139424703b4d01665b807c6468e23e699e8e90cffefe291c5832b027",
                "sha256:4445fa62e15936a028672fd48c4c11a66d641d2c05726c7ec1f8ba6a572036ae",
                "sha256:45dfc51ac5975b938e9809451c51734124e73b04d0f0ac621649821a63852e7b",
                "sha256:465b9e8844e3c3519a983d58b80be3f668e2a7a5db97f2784e7079fbc9f9822c",
                "sha256:48d254f8a4c776de343051023eb61ffe818299eeac478da55227d96e241de53f",
                "sha256:4c834a3921375c48ee6b9624061076bc0a32a60b5532b322cc0ea64e639dd50e",
                "sha256:4c96f993ab8c98460cd0c001447bff6194403e8b1d7e149ade5f00594918128b",
                "sha256:504b6f59505f08ae014f724b6207ff6222662aab5cc9542577fb084ed0676ac7",
                "sha256:527b37216b6ac3a12d7838dc3bd75208ec57c1c6d11ef01902266a5a0c14fc27",
                "sha256:5418b53c0d59b3824d05e029669efa023bbef0f3e92e75ec8428f3799487f361",
                "sha256:59a03cdf019efbfeeed910bf79c7c93255c3d54bc45898ac2a4140071b02b4ae",
                "sha256:5e05688ccef30ea69b9317a9ead994b93975104a677a36a8ed8106be9260aa6d",
                "sha256:6359a3bc43f57d5b375d1ad54a0074318a0844d11b76abccf478c37c986d3cfc",
                "sha256:643f189248837533073c405ec2f0bb250ba54598cf80e8c1e043381a60632f58",
                "sha256:65dc69160114cdd0ca0f35cb434633c75e8e7fad4cf855177a05bf38678f73ad",
                "sha256:67172f2944ebba3d4a7b54f2e95c786a3a50c21b88456329314caaa28cda70f6",
                "sha256:676b2815362456b5b3216b4fd5bd89d362100dc6f4945154ff172e206a22c024",
                "sha256:6a418691000f2a418c9135a7cf0d797c1bb7d9a485e61fe8e7722845b95ef978",
                "sha256:6abdbfd3aea42be05702a8dd98832329c167ee84400a1d1f61ab11437f1717eb",
                "sha256:6be31e3fc9a621e071bc17bb7de63b85cbe0bfae91bb0363c893cbe67247780d",
                "sha256:7107195ddc914f656c7fc8e4a5e1c25f32e9236ea3ea860f257b0436011fddd0",
                "sha256:71f511f6b3b91dd543282477be45a033e4845a40278fa8dcdbfdb07109bf18f9",
                "sha256:7859a4cc7c9295f5838015d8cc0a9c215b77e43d07a25e460f35cf516df8626f",
                "sha256:7966e38dcd0fa11ca390aed7c6f20454443581d758242023cf36fcb319b1a874",
                "sha256:79ea0d14d3ebad43ec77ad5272e6ff9bba5b679ef73375ea760261207fa8e0aa",
                "sha256:7aee118e30a4cf54fdd873bd3a29de51e29105ab11f9aad8c32123f58c8f8081",
                "sha256:7b161756381f0918e05e7cb8a371fff367e807770f8fe92ecb20d905d0e1c149",
                "sha256:7c8ec7a017ad1bd562f93dbd8505763e688d388cde6e4a010ae1486916e713e6",
                "sha256:7d1aa4de119a0ecac0a34a9c8bde33f34022e2e8f99104e47a3ca392fd60e37d",
                "sha256:7db51d222548ccfd274e4572fdbf3e810a5e66b00608862f947b163e613b67dd",
                "sha256:819931d25e57b513242859ce1876c58c59dc31587847bf74cfe06b2e0cb22d2f",
                "sha256:83e1b0161c9d148125083a35c1c5a89db5b7054834fd4387499e06552035236c",
                "sha256:857844335c95bea93fb39e0fa2726b4d9d758850b34075a7e3ff4f4fa3aa3b31",
                "sha256:8797edc41f3e8536ae4b10897ee2f637235c94f27404cac7297f7b607dd0716e",
                "sha256:8924748b688aa210d79883357d102cd64690e56b923a186f35a82cbc10f997db",
                "sha256:89bd777bc6624fe4115e9fac3352c79ed60f3bb18651420635f26e643e3dd1f6",
                "sha256:8dc70ca24c110503e16918a658b869019126ecfe03109b754c402daff12b3d9f",
                "sha256:91da1d88226663594e3f6b4b8c3c8d85bd504117d043740a8e0ec449087cc494",
                "sha256:921bd305b10e82b4d1f5e802b6850677f965d8394203d182f078873851dada69",
                "sha256:932c754c2d51ad2b2271fd01c3d121daaa35e27efae2a616f77bf164bc0b3e94",
                "sha256:93efb0b4de7e340d99057415c749175e24c8864302369e05914682ba642e5d77",
                "sha256:97afb3a00b65cc0804d1c7abddbf090a81eaac02768af58cbdcaaa0a931e0b6d",
                "sha256:97f07ed9f56a3b9b5f49d3661dc9607484e85c67e27f3e8be2c7d28ca032fec7",
                "sha256:98a9afa7b9007c67ed84c57c9e0ad86a6000da96eaa638e4f8abe5b65ff83f0a",
                "sha256:9ab6ae226de48019caa8074894544af5b53a117ccb9d3b3dcb2871464c829438",
                "sha256:9c412fddd1b77a75aa904615ebaa6001f169b26fd467b4be93aded278266b288",
                "sha256:a1bc6ba083b145187f648b667e05a2534ecc4b9f2784c2cbe3089e44868f2b9b",
                "sha256:a418486160228f64dd9e9efcd132679b7a02a5f22c982c78b6fc7dab3fefb635",
                "sha256:a4d336baed65d50d37b88ca5b60c0fa9d81e3a87d4a7930d3880d1624d5b31f3",
                "sha256:a6444696fce635783440b7f7a9fc24b3ad10a9ea3f0ab66c5905be1c19ccf17d",
                "sha256:a7bc6e6fd0395bc052f16b1a8670859964dbd7003bd0af2ff08342eb6e442cfe",
                "sha256:b4b8f3efc8d530a1544e5962bd6b403d5f7fe8b9e08227c6b255f98ad82b4ba0",
                "sha256:b5f56c3f344f2ccaf0dd875d3e180f631dc60a51b314295a3e681fe8cf851fbe",
                "sha256:be5463ac478b623b9dd3937afd7fb7ab3d79dd290a28e2b6df292dc75063eb8a",
                "sha256:c37d8ba9411d6003bba9e518db0db0c58a680ab9fe5179f040b0463644bc9805",
                "sha256:c84d689db21a1c397d001aa08241044aa2069e7587b398c8cc63020390b1c1b8",
                "sha256:c96d333dcf42d01f47b37e0979b6bd73ec91eae18614864622d9b87bbd5bbf36",
                "sha256:cadc9e0ea0a2431124cde7e1697106471fc4c1da01530e679b2391c37d3fbb3a",
                "sha256:cc3e831b563b3114baac7ec2ee86819eb03caa1a2cef0b481a5675b59c4fe23b",
                "sha256:cd8ff254faf15591e724dc7c4ddb6bf4793efcbe13802a4ae3e863cd300b493e",
                "sha256:d000f46e2917c705e9fb93a3606ee4a819d1e3aa7a9b442f6444f07e77cf5e25",
                "sha256:d9da3df5f9ea2a89b81bb6087177fb1f4d1c7146d583a3fe5c672c0d94e55e12",
                "sha256:e5c5858ad8ec655450a7c7df532e9842cf8df7cc349df7225c60d5d348c8aada",
                "sha256:e67d793d180c9df62f1f40aee3accca4829d3794c95098887edc18af4b8b780c",
                "sha256:ea944117a7974ae78059fcc1800e5d3295172bb97035c0c1d9345fca1419da71",
                "sha256:eb76541cba2f958032d79d143b98a3a6b3ea87f0959bbe256c0b5e416599fd5d",
                "sha256:ec1ee50470b0d050984394423d96325b744d55c701a439d2bd66089bff963d3c",
                "sha256:ee92f2fd10f4adc4b43d07ec5e779932b4eb3dbfbc34790ada5a6669bc095aa6",
                "sha256:f0f5d8f4a08090c6d6d578351a2b91acf519a54986c055af27e7a93feae6d3f1",
                "sha256:f1f182ebd2303acf8c380a54f615ec883322593320a9b00438eb842c1f37ae50",
                "sha256:f8a5827f84d973d8636e9dc5764af4f0cf2318d26744b3d902931701b0d46653",
                "sha256:f944255db153ebb2b19c51fe85dd99ef0ce494123f21b9db4877ffdfc5590c7c",
                "sha256:fdae223722da47b024b867c1ea0be64e0df702c5e0a60e27daad39bf960dd1e4",
                "sha256:fe27fb049cdcca11f11a7bfda64043c37b30e6b91f10cb5bab275806c32f6ab3"
            ],
            "index": "pypi",
            "markers": "python_version >= '3.9'",
            "version": "==11.3.0"
        },
        "pyjwt": {
            "hashes": [
                "sha256:3cc5772eb20009233caf06e9d8a0577824723b44e6648ee0a2aedb6cf9381953",
                "sha256:dcdd193e30abefd5debf142f9adfcdd2b58004e644f25406ffaebd50bd98dacb"
            ],
            "markers": "python_version >= '3.9'",
            "version": "==2.10.1"
        },
        "python-decouple": {
            "hashes": [
                "sha256:ba6e2657d4f376ecc46f77a3a615e058d93ba5e465c01bbe57289bfb7cce680f",
                "sha256:d0d45340815b25f4de59c974b855bb38d03151d81b037d9e3f463b0c9f8cbd66"
            ],
            "index": "pypi",
            "version": "==3.8"
        },
        "sqlparse": {
            "hashes": [
                "sha256:09f67787f56a0b16ecdbde1bfc7f5d9c3371ca683cfeaa8e6ff60b4807ec9272",
                "sha256:cf2196ed3418f3ba5de6af7e82c694a9fbdbfecccdfc72e281548517081f16ca"
            ],
            "markers": "python_version >= '3.8'",
            "version": "==0.5.3"
        },
        "tzdata": {
            "hashes": [
                "sha256:1a403fada01ff9221ca8044d701868fa132215d84beb92242d9acd2147f667a8",
                "sha256:b60a638fcc0daffadf82fe0f57e53d06bdec2f36c4df66280ae79bce6bd6f2b9"
            ],
            "markers": "sys_platform == 'win32'",
            "version": "==2025.2"
        }
    },
    "develop": {}
}
